PODS:
  - Alamofire (3.2.0)
  - ChameleonFramework/Default (2.1.0)
  - ChameleonFramework/Swift (2.1.0):
    - ChameleonFramework/Default
  - DZNEmptyDataSet (1.7.3)
  - DZNWebViewController (3.1)
  - Kanna (1.0.4)
  - KeychainSwift (3.0.11)
  - Kingfisher (1.9.3)
  - OMGHTTPURLRQ (3.1.1):
    - OMGHTTPURLRQ/RQ (= 3.1.1)
  - OMGHTTPURLRQ/FormURLEncode (3.1.1)
  - OMGHTTPURLRQ/RQ (3.1.1):
    - OMGHTTPURLRQ/FormURLEncode
    - OMGHTTPURLRQ/UserAgent
  - OMGHTTPURLRQ/UserAgent (3.1.1)
  - PromiseKit (3.0.2):
    - PromiseKit/Foundation (= 3.0.2)
    - PromiseKit/QuartzCore (= 3.0.2)
    - PromiseKit/UIKit (= 3.0.2)
  - PromiseKit/CorePromise (3.0.2)
  - PromiseKit/Foundation (3.0.2):
    - OMGHTTPURLRQ (~> 3.1.0)
    - PromiseKit/CorePromise
  - PromiseKit/QuartzCore (3.0.2):
    - PromiseKit/CorePromise
  - PromiseKit/UIKit (3.0.2):
    - PromiseKit/CorePromise
  - Refresher (0.5.0)
  - Static (1.0.0)
  - SwiftyJSON (2.3.2)

DEPENDENCIES:
  - Alamofire (~> 3.2)
  - ChameleonFramework/Swift
  - DZNEmptyDataSet
  - DZNWebViewController (from `https://github.com/mrpatiwi/DZNWebViewController.git`)
  - Kanna (~> 1.0.0)
  - KeychainSwift (~> 3.0)
  - Kingfisher (~> 1.9)
  - PromiseKit (~> 3.0)
  - Refresher
  - Static (from `https://github.com/venmo/Static`)
  - SwiftyJSON (from `https://github.com/SwiftyJSON/SwiftyJSON.git`)

EXTERNAL SOURCES:
  DZNWebViewController:
    :git: https://github.com/mrpatiwi/DZNWebViewController.git
  Static:
    :git: https://github.com/venmo/Static
  SwiftyJSON:
    :git: https://github.com/SwiftyJSON/SwiftyJSON.git

CHECKOUT OPTIONS:
  DZNWebViewController:
    :commit: e802895bef99a645d01c900b71f32a404bf33430
    :git: https://github.com/mrpatiwi/DZNWebViewController.git
  Static:
    :commit: 1bcfa7737189327a0e6159bec1d4e182e54624ba
    :git: https://github.com/venmo/Static
  SwiftyJSON:
    :commit: 42bdb102d2624b143c07850ebdc1537d5b6579b6
    :git: https://github.com/SwiftyJSON/SwiftyJSON.git

SPEC CHECKSUMS:
  Alamofire: 4da478599fccddff361205c8929333d7fe18dceb
  ChameleonFramework: d21a3cc247abfe5e37609a283a8238b03575cf64
  DZNEmptyDataSet: dd7cca17c1d07dfa78956859b1e70a52505678ef
  DZNWebViewController: 77c4fc70a397be476688f5b6a4577727be6d0f88
  Kanna: 537762df5e2203714769f8351340b3c724adb2bd
  KeychainSwift: 0a4214c910423543a42b0f30f25987d46178b6a5
  Kingfisher: 9e37d2a78a082dc123bfe8a16de65de85518daae
  OMGHTTPURLRQ: 633f98ee745aeda02345935a52eec1784cddb589
  PromiseKit: ab1a380f7a30cf8cce663a2411e8b3580b10313d
  Refresher: 485f5990e6315add7f3470db5a4ca106451b11d3
  Static: 8b4021cf969d40da1ad03562e5a2a7470dc94c65
  SwiftyJSON: 04ccea08915aa0109039157c7974cf0298da292a

PODFILE CHECKSUM: 9d642ec5d3b12fda31b576900af63f4884d7181d

COCOAPODS: 1.0.0.beta.3
