// !$*UTF8*$!
{
	archiveVersion = 1;
	classes = {
	};
	objectVersion = 46;
	objects = {

/* Begin PBXBuildFile section */
		1CBEB590CD92BC1D14F081AA /* Pods_uc_access.framework in Frameworks */ = {isa = PBXBuildFile; fileRef = D7622CF8DCCEA4F036AEC936 /* Pods_uc_access.framework */; };
		58424D6D1C40367F00E652BD /* AppDelegate.swift in Sources */ = {isa = PBXBuildFile; fileRef = 58424D6C1C40367F00E652BD /* AppDelegate.swift */; };
		58424D6F1C40367F00E652BD /* MasterViewController.swift in Sources */ = {isa = PBXBuildFile; fileRef = 58424D6E1C40367F00E652BD /* MasterViewController.swift */; };
		58424D711C40367F00E652BD /* DetailViewController.swift in Sources */ = {isa = PBXBuildFile; fileRef = 58424D701C40367F00E652BD /* DetailViewController.swift */; };
		58424D741C40367F00E652BD /* Main.storyboard in Resources */ = {isa = PBXBuildFile; fileRef = 58424D721C40367F00E652BD /* Main.storyboard */; };
		58424D761C40367F00E652BD /* Assets.xcassets in Resources */ = {isa = PBXBuildFile; fileRef = 58424D751C40367F00E652BD /* Assets.xcassets */; };
		58424D791C40367F00E652BD /* LaunchScreen.storyboard in Resources */ = {isa = PBXBuildFile; fileRef = 58424D771C40367F00E652BD /* LaunchScreen.storyboard */; };
		58424D841C40367F00E652BD /* uc_accessTests.swift in Sources */ = {isa = PBXBuildFile; fileRef = 58424D831C40367F00E652BD /* uc_accessTests.swift */; };
		589D3A811C4073E6001F3641 /* Siding.swift in Sources */ = {isa = PBXBuildFile; fileRef = 589D3A801C4073E6001F3641 /* Siding.swift */; };
		589D3A831C412693001F3641 /* Requests.swift in Sources */ = {isa = PBXBuildFile; fileRef = 589D3A821C412693001F3641 /* Requests.swift */; };
		58B1F7851C468018004DB11F /* BrowserHelper.swift in Sources */ = {isa = PBXBuildFile; fileRef = 58B1F7841C468018004DB11F /* BrowserHelper.swift */; };
		58B1F7871C46A0CF004DB11F /* WebPage.swift in Sources */ = {isa = PBXBuildFile; fileRef = 58B1F7861C46A0CF004DB11F /* WebPage.swift */; };
		58CC505D1C47C9C20072C911 /* InformationViewController.swift in Sources */ = {isa = PBXBuildFile; fileRef = 58CC505C1C47C9C20072C911 /* InformationViewController.swift */; };
		58E24EFB1C4158B5009317C2 /* ServiceCell.swift in Sources */ = {isa = PBXBuildFile; fileRef = 58E24EFA1C4158B5009317C2 /* ServiceCell.swift */; };
		58E24EFF1C419C33009317C2 /* Labmat.swift in Sources */ = {isa = PBXBuildFile; fileRef = 58E24EFE1C419C33009317C2 /* Labmat.swift */; };
		58E7CA561C43E01A00A7279B /* CAS.swift in Sources */ = {isa = PBXBuildFile; fileRef = 58E7CA551C43E01A00A7279B /* CAS.swift */; };
		58E7CA581C43F4AB00A7279B /* PortalUC.swift in Sources */ = {isa = PBXBuildFile; fileRef = 58E7CA571C43F4AB00A7279B /* PortalUC.swift */; };
		58E7CA5A1C43F5F700A7279B /* WebCursos.swift in Sources */ = {isa = PBXBuildFile; fileRef = 58E7CA591C43F5F700A7279B /* WebCursos.swift */; };
		58EB15B01C4142F600DB10E0 /* Service.swift in Sources */ = {isa = PBXBuildFile; fileRef = 58EB15AF1C4142F600DB10E0 /* Service.swift */; };
		C46A16A83526437ACF31EF2F /* Pods_uc_accessTests.framework in Frameworks */ = {isa = PBXBuildFile; fileRef = 6AB4E9AF196E1F9D273996BA /* Pods_uc_accessTests.framework */; };
/* End PBXBuildFile section */

/* Begin PBXContainerItemProxy section */
		58424D801C40367F00E652BD /* PBXContainerItemProxy */ = {
			isa = PBXContainerItemProxy;
			containerPortal = 58424D611C40367F00E652BD /* Project object */;
			proxyType = 1;
			remoteGlobalIDString = 58424D681C40367F00E652BD;
			remoteInfo = "uc-access";
		};
/* End PBXContainerItemProxy section */

/* Begin PBXFileReference section */
		05DC8D6CDE4A61BE50B2AD02 /* Pods-uc-access.release.xcconfig */ = {isa = PBXFileReference; includeInIndex = 1; lastKnownFileType = text.xcconfig; name = "Pods-uc-access.release.xcconfig"; path = "Pods/Target Support Files/Pods-uc-access/Pods-uc-access.release.xcconfig"; sourceTree = "<group>"; };
		0C0754800C568696209209B0 /* Pods-uc-accessTests.release.xcconfig */ = {isa = PBXFileReference; includeInIndex = 1; lastKnownFileType = text.xcconfig; name = "Pods-uc-accessTests.release.xcconfig"; path = "Pods/Target Support Files/Pods-uc-accessTests/Pods-uc-accessTests.release.xcconfig"; sourceTree = "<group>"; };
		3BD8FD718D8674C3A5F456AF /* Pods-uc-accessTests.debug.xcconfig */ = {isa = PBXFileReference; includeInIndex = 1; lastKnownFileType = text.xcconfig; name = "Pods-uc-accessTests.debug.xcconfig"; path = "Pods/Target Support Files/Pods-uc-accessTests/Pods-uc-accessTests.debug.xcconfig"; sourceTree = "<group>"; };
		58424D691C40367F00E652BD /* uc-access.app */ = {isa = PBXFileReference; explicitFileType = wrapper.application; includeInIndex = 0; path = "uc-access.app"; sourceTree = BUILT_PRODUCTS_DIR; };
		58424D6C1C40367F00E652BD /* AppDelegate.swift */ = {isa = PBXFileReference; lastKnownFileType = sourcecode.swift; path = AppDelegate.swift; sourceTree = "<group>"; };
		58424D6E1C40367F00E652BD /* MasterViewController.swift */ = {isa = PBXFileReference; lastKnownFileType = sourcecode.swift; path = MasterViewController.swift; sourceTree = "<group>"; };
		58424D701C40367F00E652BD /* DetailViewController.swift */ = {isa = PBXFileReference; lastKnownFileType = sourcecode.swift; path = DetailViewController.swift; sourceTree = "<group>"; };
		58424D731C40367F00E652BD /* Base */ = {isa = PBXFileReference; lastKnownFileType = file.storyboard; name = Base; path = Base.lproj/Main.storyboard; sourceTree = "<group>"; };
		58424D751C40367F00E652BD /* Assets.xcassets */ = {isa = PBXFileReference; lastKnownFileType = folder.assetcatalog; path = Assets.xcassets; sourceTree = "<group>"; };
		58424D781C40367F00E652BD /* Base */ = {isa = PBXFileReference; lastKnownFileType = file.storyboard; name = Base; path = Base.lproj/LaunchScreen.storyboard; sourceTree = "<group>"; };
		58424D7A1C40367F00E652BD /* Info.plist */ = {isa = PBXFileReference; lastKnownFileType = text.plist.xml; path = Info.plist; sourceTree = "<group>"; };
		58424D7F1C40367F00E652BD /* uc-accessTests.xctest */ = {isa = PBXFileReference; explicitFileType = wrapper.cfbundle; includeInIndex = 0; path = "uc-accessTests.xctest"; sourceTree = BUILT_PRODUCTS_DIR; };
		58424D831C40367F00E652BD /* uc_accessTests.swift */ = {isa = PBXFileReference; lastKnownFileType = sourcecode.swift; path = uc_accessTests.swift; sourceTree = "<group>"; };
		58424D851C40367F00E652BD /* Info.plist */ = {isa = PBXFileReference; lastKnownFileType = text.plist.xml; path = Info.plist; sourceTree = "<group>"; };
		589D3A801C4073E6001F3641 /* Siding.swift */ = {isa = PBXFileReference; fileEncoding = 4; lastKnownFileType = sourcecode.swift; name = Siding.swift; path = src/services/Siding.swift; sourceTree = "<group>"; };
		589D3A821C412693001F3641 /* Requests.swift */ = {isa = PBXFileReference; fileEncoding = 4; lastKnownFileType = sourcecode.swift; name = Requests.swift; path = src/Requests.swift; sourceTree = "<group>"; };
		58B1F7841C468018004DB11F /* BrowserHelper.swift */ = {isa = PBXFileReference; fileEncoding = 4; lastKnownFileType = sourcecode.swift; name = BrowserHelper.swift; path = src/BrowserHelper.swift; sourceTree = "<group>"; };
		58B1F7861C46A0CF004DB11F /* WebPage.swift */ = {isa = PBXFileReference; fileEncoding = 4; lastKnownFileType = sourcecode.swift; name = WebPage.swift; path = src/WebPage.swift; sourceTree = "<group>"; };
		58CC505C1C47C9C20072C911 /* InformationViewController.swift */ = {isa = PBXFileReference; fileEncoding = 4; lastKnownFileType = sourcecode.swift; path = InformationViewController.swift; sourceTree = "<group>"; };
		58E24EFA1C4158B5009317C2 /* ServiceCell.swift */ = {isa = PBXFileReference; fileEncoding = 4; lastKnownFileType = sourcecode.swift; path = ServiceCell.swift; sourceTree = "<group>"; };
		58E24EFE1C419C33009317C2 /* Labmat.swift */ = {isa = PBXFileReference; fileEncoding = 4; lastKnownFileType = sourcecode.swift; name = Labmat.swift; path = src/services/Labmat.swift; sourceTree = "<group>"; };
		58E7CA551C43E01A00A7279B /* CAS.swift */ = {isa = PBXFileReference; fileEncoding = 4; lastKnownFileType = sourcecode.swift; name = CAS.swift; path = src/services/CAS.swift; sourceTree = "<group>"; };
		58E7CA571C43F4AB00A7279B /* PortalUC.swift */ = {isa = PBXFileReference; fileEncoding = 4; lastKnownFileType = sourcecode.swift; name = PortalUC.swift; path = src/services/PortalUC.swift; sourceTree = "<group>"; };
		58E7CA591C43F5F700A7279B /* WebCursos.swift */ = {isa = PBXFileReference; fileEncoding = 4; lastKnownFileType = sourcecode.swift; name = WebCursos.swift; path = src/services/WebCursos.swift; sourceTree = "<group>"; };
		58EB15AF1C4142F600DB10E0 /* Service.swift */ = {isa = PBXFileReference; fileEncoding = 4; lastKnownFileType = sourcecode.swift; name = Service.swift; path = src/Service.swift; sourceTree = "<group>"; };
		6AB4E9AF196E1F9D273996BA /* Pods_uc_accessTests.framework */ = {isa = PBXFileReference; explicitFileType = wrapper.framework; includeInIndex = 0; path = Pods_uc_accessTests.framework; sourceTree = BUILT_PRODUCTS_DIR; };
		9C8A10BC36839E25A571E9F3 /* Pods-uc-access.debug.xcconfig */ = {isa = PBXFileReference; includeInIndex = 1; lastKnownFileType = text.xcconfig; name = "Pods-uc-access.debug.xcconfig"; path = "Pods/Target Support Files/Pods-uc-access/Pods-uc-access.debug.xcconfig"; sourceTree = "<group>"; };
		D7622CF8DCCEA4F036AEC936 /* Pods_uc_access.framework */ = {isa = PBXFileReference; explicitFileType = wrapper.framework; includeInIndex = 0; path = Pods_uc_access.framework; sourceTree = BUILT_PRODUCTS_DIR; };
/* End PBXFileReference section */

/* Begin PBXFrameworksBuildPhase section */
		58424D661C40367F00E652BD /* Frameworks */ = {
			isa = PBXFrameworksBuildPhase;
			buildActionMask = 2147483647;
			files = (
				1CBEB590CD92BC1D14F081AA /* Pods_uc_access.framework in Frameworks */,
			);
			runOnlyForDeploymentPostprocessing = 0;
		};
		58424D7C1C40367F00E652BD /* Frameworks */ = {
			isa = PBXFrameworksBuildPhase;
			buildActionMask = 2147483647;
			files = (
				C46A16A83526437ACF31EF2F /* Pods_uc_accessTests.framework in Frameworks */,
			);
			runOnlyForDeploymentPostprocessing = 0;
		};
/* End PBXFrameworksBuildPhase section */

/* Begin PBXGroup section */
		314F6D267B30A1525F441139 /* Pods */ = {
			isa = PBXGroup;
			children = (
				9C8A10BC36839E25A571E9F3 /* Pods-uc-access.debug.xcconfig */,
				05DC8D6CDE4A61BE50B2AD02 /* Pods-uc-access.release.xcconfig */,
				3BD8FD718D8674C3A5F456AF /* Pods-uc-accessTests.debug.xcconfig */,
				0C0754800C568696209209B0 /* Pods-uc-accessTests.release.xcconfig */,
			);
			name = Pods;
			sourceTree = "<group>";
		};
		452972AE9E5355EDA6A9B763 /* Frameworks */ = {
			isa = PBXGroup;
			children = (
				D7622CF8DCCEA4F036AEC936 /* Pods_uc_access.framework */,
				6AB4E9AF196E1F9D273996BA /* Pods_uc_accessTests.framework */,
			);
			name = Frameworks;
			sourceTree = "<group>";
		};
		58424D601C40367F00E652BD = {
			isa = PBXGroup;
			children = (
				58424D6B1C40367F00E652BD /* uc-access */,
				58424D821C40367F00E652BD /* uc-accessTests */,
				58424D6A1C40367F00E652BD /* Products */,
				314F6D267B30A1525F441139 /* Pods */,
				452972AE9E5355EDA6A9B763 /* Frameworks */,
			);
			sourceTree = "<group>";
		};
		58424D6A1C40367F00E652BD /* Products */ = {
			isa = PBXGroup;
			children = (
				58424D691C40367F00E652BD /* uc-access.app */,
				58424D7F1C40367F00E652BD /* uc-accessTests.xctest */,
			);
			name = Products;
			sourceTree = "<group>";
		};
		58424D6B1C40367F00E652BD /* uc-access */ = {
			isa = PBXGroup;
			children = (
				58424D6C1C40367F00E652BD /* AppDelegate.swift */,
				58424D6E1C40367F00E652BD /* MasterViewController.swift */,
				58424D701C40367F00E652BD /* DetailViewController.swift */,
				58CC505C1C47C9C20072C911 /* InformationViewController.swift */,
				58E24EFA1C4158B5009317C2 /* ServiceCell.swift */,
				589D3A7E1C4073A9001F3641 /* src */,
				58424D721C40367F00E652BD /* Main.storyboard */,
				58424D751C40367F00E652BD /* Assets.xcassets */,
				58424D771C40367F00E652BD /* LaunchScreen.storyboard */,
				58424D7A1C40367F00E652BD /* Info.plist */,
			);
			path = "uc-access";
			sourceTree = "<group>";
		};
		58424D821C40367F00E652BD /* uc-accessTests */ = {
			isa = PBXGroup;
			children = (
				58424D831C40367F00E652BD /* uc_accessTests.swift */,
				58424D851C40367F00E652BD /* Info.plist */,
			);
			path = "uc-accessTests";
			sourceTree = "<group>";
		};
		589D3A7E1C4073A9001F3641 /* src */ = {
			isa = PBXGroup;
			children = (
				589D3A7F1C4073DD001F3641 /* services */,
				589D3A821C412693001F3641 /* Requests.swift */,
				58EB15AF1C4142F600DB10E0 /* Service.swift */,
				58B1F7861C46A0CF004DB11F /* WebPage.swift */,
				58B1F7841C468018004DB11F /* BrowserHelper.swift */,
			);
			name = src;
			sourceTree = "<group>";
		};
		589D3A7F1C4073DD001F3641 /* services */ = {
			isa = PBXGroup;
			children = (
				589D3A801C4073E6001F3641 /* Siding.swift */,
				58E24EFE1C419C33009317C2 /* Labmat.swift */,
				58E7CA551C43E01A00A7279B /* CAS.swift */,
				58E7CA571C43F4AB00A7279B /* PortalUC.swift */,
				58E7CA591C43F5F700A7279B /* WebCursos.swift */,
			);
			name = services;
			sourceTree = "<group>";
		};
/* End PBXGroup section */

/* Begin PBXNativeTarget section */
		58424D681C40367F00E652BD /* uc-access */ = {
			isa = PBXNativeTarget;
			buildConfigurationList = 58424D881C40367F00E652BD /* Build configuration list for PBXNativeTarget "uc-access" */;
			buildPhases = (
				4F8205DABECD13DCC4632230 /* Check Pods Manifest.lock */,
				58424D651C40367F00E652BD /* Sources */,
				58424D661C40367F00E652BD /* Frameworks */,
				58424D671C40367F00E652BD /* Resources */,
				9DC098740EAAE668FD3EBD9A /* Embed Pods Frameworks */,
				938018C4AD3945C3FF67EA76 /* Copy Pods Resources */,
			);
			buildRules = (
			);
			dependencies = (
			);
			name = "uc-access";
			productName = "uc-access";
			productReference = 58424D691C40367F00E652BD /* uc-access.app */;
			productType = "com.apple.product-type.application";
		};
		58424D7E1C40367F00E652BD /* uc-accessTests */ = {
			isa = PBXNativeTarget;
			buildConfigurationList = 58424D8B1C40367F00E652BD /* Build configuration list for PBXNativeTarget "uc-accessTests" */;
			buildPhases = (
				48B46DA71BD3C27BA7C15FAE /* Check Pods Manifest.lock */,
				58424D7B1C40367F00E652BD /* Sources */,
				58424D7C1C40367F00E652BD /* Frameworks */,
				58424D7D1C40367F00E652BD /* Resources */,
				928583FF403D585A9D0AC655 /* Embed Pods Frameworks */,
				0BAD9F3970B5E550897279D0 /* Copy Pods Resources */,
			);
			buildRules = (
			);
			dependencies = (
				58424D811C40367F00E652BD /* PBXTargetDependency */,
			);
			name = "uc-accessTests";
			productName = "uc-accessTests";
			productReference = 58424D7F1C40367F00E652BD /* uc-accessTests.xctest */;
			productType = "com.apple.product-type.bundle.unit-test";
		};
/* End PBXNativeTarget section */

/* Begin PBXProject section */
		58424D611C40367F00E652BD /* Project object */ = {
			isa = PBXProject;
			attributes = {
				LastSwiftUpdateCheck = 0720;
				LastUpgradeCheck = 0720;
				ORGANIZATIONNAME = Almapp;
				TargetAttributes = {
					58424D681C40367F00E652BD = {
						CreatedOnToolsVersion = 7.2;
					};
					58424D7E1C40367F00E652BD = {
						CreatedOnToolsVersion = 7.2;
						TestTargetID = 58424D681C40367F00E652BD;
					};
				};
			};
			buildConfigurationList = 58424D641C40367F00E652BD /* Build configuration list for PBXProject "uc-access" */;
			compatibilityVersion = "Xcode 3.2";
			developmentRegion = English;
			hasScannedForEncodings = 0;
			knownRegions = (
				en,
				Base,
			);
			mainGroup = 58424D601C40367F00E652BD;
			productRefGroup = 58424D6A1C40367F00E652BD /* Products */;
			projectDirPath = "";
			projectRoot = "";
			targets = (
				58424D681C40367F00E652BD /* uc-access */,
				58424D7E1C40367F00E652BD /* uc-accessTests */,
			);
		};
/* End PBXProject section */

/* Begin PBXResourcesBuildPhase section */
		58424D671C40367F00E652BD /* Resources */ = {
			isa = PBXResourcesBuildPhase;
			buildActionMask = 2147483647;
			files = (
				58424D791C40367F00E652BD /* LaunchScreen.storyboard in Resources */,
				58424D761C40367F00E652BD /* Assets.xcassets in Resources */,
				58424D741C40367F00E652BD /* Main.storyboard in Resources */,
			);
			runOnlyForDeploymentPostprocessing = 0;
		};
		58424D7D1C40367F00E652BD /* Resources */ = {
			isa = PBXResourcesBuildPhase;
			buildActionMask = 2147483647;
			files = (
			);
			runOnlyForDeploymentPostprocessing = 0;
		};
/* End PBXResourcesBuildPhase section */

/* Begin PBXShellScriptBuildPhase section */
		0BAD9F3970B5E550897279D0 /* Copy Pods Resources */ = {
			isa = PBXShellScriptBuildPhase;
			buildActionMask = 2147483647;
			files = (
			);
			inputPaths = (
			);
			name = "Copy Pods Resources";
			outputPaths = (
			);
			runOnlyForDeploymentPostprocessing = 0;
			shellPath = /bin/sh;
			shellScript = "\"${SRCROOT}/Pods/Target Support Files/Pods-uc-accessTests/Pods-uc-accessTests-resources.sh\"\n";
			showEnvVarsInLog = 0;
		};
		48B46DA71BD3C27BA7C15FAE /* Check Pods Manifest.lock */ = {
			isa = PBXShellScriptBuildPhase;
			buildActionMask = 2147483647;
			files = (
			);
			inputPaths = (
			);
			name = "Check Pods Manifest.lock";
			outputPaths = (
			);
			runOnlyForDeploymentPostprocessing = 0;
			shellPath = /bin/sh;
			shellScript = "diff \"${PODS_ROOT}/../Podfile.lock\" \"${PODS_ROOT}/Manifest.lock\" > /dev/null\nif [[ $? != 0 ]] ; then\n    cat << EOM\nerror: The sandbox is not in sync with the Podfile.lock. Run 'pod install' or update your CocoaPods installation.\nEOM\n    exit 1\nfi\n";
			showEnvVarsInLog = 0;
		};
		4F8205DABECD13DCC4632230 /* Check Pods Manifest.lock */ = {
			isa = PBXShellScriptBuildPhase;
			buildActionMask = 2147483647;
			files = (
			);
			inputPaths = (
			);
			name = "Check Pods Manifest.lock";
			outputPaths = (
			);
			runOnlyForDeploymentPostprocessing = 0;
			shellPath = /bin/sh;
			shellScript = "diff \"${PODS_ROOT}/../Podfile.lock\" \"${PODS_ROOT}/Manifest.lock\" > /dev/null\nif [[ $? != 0 ]] ; then\n    cat << EOM\nerror: The sandbox is not in sync with the Podfile.lock. Run 'pod install' or update your CocoaPods installation.\nEOM\n    exit 1\nfi\n";
			showEnvVarsInLog = 0;
		};
		928583FF403D585A9D0AC655 /* Embed Pods Frameworks */ = {
			isa = PBXShellScriptBuildPhase;
			buildActionMask = 2147483647;
			files = (
			);
			inputPaths = (
			);
			name = "Embed Pods Frameworks";
			outputPaths = (
			);
			runOnlyForDeploymentPostprocessing = 0;
			shellPath = /bin/sh;
			shellScript = "\"${SRCROOT}/Pods/Target Support Files/Pods-uc-accessTests/Pods-uc-accessTests-frameworks.sh\"\n";
			showEnvVarsInLog = 0;
		};
		938018C4AD3945C3FF67EA76 /* Copy Pods Resources */ = {
			isa = PBXShellScriptBuildPhase;
			buildActionMask = 2147483647;
			files = (
			);
			inputPaths = (
			);
			name = "Copy Pods Resources";
			outputPaths = (
			);
			runOnlyForDeploymentPostprocessing = 0;
			shellPath = /bin/sh;
			shellScript = "\"${SRCROOT}/Pods/Target Support Files/Pods-uc-access/Pods-uc-access-resources.sh\"\n";
			showEnvVarsInLog = 0;
		};
		9DC098740EAAE668FD3EBD9A /* Embed Pods Frameworks */ = {
			isa = PBXShellScriptBuildPhase;
			buildActionMask = 2147483647;
			files = (
			);
			inputPaths = (
			);
			name = "Embed Pods Frameworks";
			outputPaths = (
			);
			runOnlyForDeploymentPostprocessing = 0;
			shellPath = /bin/sh;
			shellScript = "\"${SRCROOT}/Pods/Target Support Files/Pods-uc-access/Pods-uc-access-frameworks.sh\"\n";
			showEnvVarsInLog = 0;
		};
/* End PBXShellScriptBuildPhase section */

/* Begin PBXSourcesBuildPhase section */
		58424D651C40367F00E652BD /* Sources */ = {
			isa = PBXSourcesBuildPhase;
			buildActionMask = 2147483647;
			files = (
				58424D711C40367F00E652BD /* DetailViewController.swift in Sources */,
				589D3A811C4073E6001F3641 /* Siding.swift in Sources */,
				58B1F7851C468018004DB11F /* BrowserHelper.swift in Sources */,
				58424D6F1C40367F00E652BD /* MasterViewController.swift in Sources */,
				58E7CA561C43E01A00A7279B /* CAS.swift in Sources */,
				58B1F7871C46A0CF004DB11F /* WebPage.swift in Sources */,
				58E24EFB1C4158B5009317C2 /* ServiceCell.swift in Sources */,
				58E7CA5A1C43F5F700A7279B /* WebCursos.swift in Sources */,
				589D3A831C412693001F3641 /* Requests.swift in Sources */,
				58CC505D1C47C9C20072C911 /* InformationViewController.swift in Sources */,
				58E24EFF1C419C33009317C2 /* Labmat.swift in Sources */,
				58E7CA581C43F4AB00A7279B /* PortalUC.swift in Sources */,
				58424D6D1C40367F00E652BD /* AppDelegate.swift in Sources */,
				58EB15B01C4142F600DB10E0 /* Service.swift in Sources */,
			);
			runOnlyForDeploymentPostprocessing = 0;
		};
		58424D7B1C40367F00E652BD /* Sources */ = {
			isa = PBXSourcesBuildPhase;
			buildActionMask = 2147483647;
			files = (
				58424D841C40367F00E652BD /* uc_accessTests.swift in Sources */,
			);
			runOnlyForDeploymentPostprocessing = 0;
		};
/* End PBXSourcesBuildPhase section */

/* Begin PBXTargetDependency section */
		58424D811C40367F00E652BD /* PBXTargetDependency */ = {
			isa = PBXTargetDependency;
			target = 58424D681C40367F00E652BD /* uc-access */;
			targetProxy = 58424D801C40367F00E652BD /* PBXContainerItemProxy */;
		};
/* End PBXTargetDependency section */

/* Begin PBXVariantGroup section */
		58424D721C40367F00E652BD /* Main.storyboard */ = {
			isa = PBXVariantGroup;
			children = (
				58424D731C40367F00E652BD /* Base */,
			);
			name = Main.storyboard;
			sourceTree = "<group>";
		};
		58424D771C40367F00E652BD /* LaunchScreen.storyboard */ = {
			isa = PBXVariantGroup;
			children = (
				58424D781C40367F00E652BD /* Base */,
			);
			name = LaunchScreen.storyboard;
			sourceTree = "<group>";
		};
/* End PBXVariantGroup section */

/* Begin XCBuildConfiguration section */
		58424D861C40367F00E652BD /* Debug */ = {
			isa = XCBuildConfiguration;
			buildSettings = {
				ALWAYS_SEARCH_USER_PATHS = NO;
				CLANG_CXX_LANGUAGE_STANDARD = "gnu++0x";
				CLANG_CXX_LIBRARY = "libc++";
				CLANG_ENABLE_MODULES = YES;
				CLANG_ENABLE_OBJC_ARC = YES;
				CLANG_WARN_BOOL_CONVERSION = YES;
				CLANG_WARN_CONSTANT_CONVERSION = YES;
				CLANG_WARN_DIRECT_OBJC_ISA_USAGE = YES_ERROR;
				CLANG_WARN_EMPTY_BODY = YES;
				CLANG_WARN_ENUM_CONVERSION = YES;
				CLANG_WARN_INT_CONVERSION = YES;
				CLANG_WARN_OBJC_ROOT_CLASS = YES_ERROR;
				CLANG_WARN_UNREACHABLE_CODE = YES;
				CLANG_WARN__DUPLICATE_METHOD_MATCH = YES;
				"CODE_SIGN_IDENTITY[sdk=iphoneos*]" = "iPhone Developer";
				COPY_PHASE_STRIP = NO;
				DEBUG_INFORMATION_FORMAT = dwarf;
				ENABLE_STRICT_OBJC_MSGSEND = YES;
				ENABLE_TESTABILITY = YES;
				GCC_C_LANGUAGE_STANDARD = gnu99;
				GCC_DYNAMIC_NO_PIC = NO;
				GCC_NO_COMMON_BLOCKS = YES;
				GCC_OPTIMIZATION_LEVEL = 0;
				GCC_PREPROCESSOR_DEFINITIONS = (
					"DEBUG=1",
					"$(inherited)",
				);
				GCC_WARN_64_TO_32_BIT_CONVERSION = YES;
				GCC_WARN_ABOUT_RETURN_TYPE = YES_ERROR;
				GCC_WARN_UNDECLARED_SELECTOR = YES;
				GCC_WARN_UNINITIALIZED_AUTOS = YES_AGGRESSIVE;
				GCC_WARN_UNUSED_FUNCTION = YES;
				GCC_WARN_UNUSED_VARIABLE = YES;
				IPHONEOS_DEPLOYMENT_TARGET = 9.2;
				MTL_ENABLE_DEBUG_INFO = YES;
				ONLY_ACTIVE_ARCH = YES;
				SDKROOT = iphoneos;
				SWIFT_OPTIMIZATION_LEVEL = "-Onone";
				TARGETED_DEVICE_FAMILY = "1,2";
			};
			name = Debug;
		};
		58424D871C40367F00E652BD /* Release */ = {
			isa = XCBuildConfiguration;
			buildSettings = {
				ALWAYS_SEARCH_USER_PATHS = NO;
				CLANG_CXX_LANGUAGE_STANDARD = "gnu++0x";
				CLANG_CXX_LIBRARY = "libc++";
				CLANG_ENABLE_MODULES = YES;
				CLANG_ENABLE_OBJC_ARC = YES;
				CLANG_WARN_BOOL_CONVERSION = YES;
				CLANG_WARN_CONSTANT_CONVERSION = YES;
				CLANG_WARN_DIRECT_OBJC_ISA_USAGE = YES_ERROR;
				CLANG_WARN_EMPTY_BODY = YES;
				CLANG_WARN_ENUM_CONVERSION = YES;
				CLANG_WARN_INT_CONVERSION = YES;
				CLANG_WARN_OBJC_ROOT_CLASS = YES_ERROR;
				CLANG_WARN_UNREACHABLE_CODE = YES;
				CLANG_WARN__DUPLICATE_METHOD_MATCH = YES;
				"CODE_SIGN_IDENTITY[sdk=iphoneos*]" = "iPhone Developer";
				COPY_PHASE_STRIP = NO;
				DEBUG_INFORMATION_FORMAT = "dwarf-with-dsym";
				ENABLE_NS_ASSERTIONS = NO;
				ENABLE_STRICT_OBJC_MSGSEND = YES;
				GCC_C_LANGUAGE_STANDARD = gnu99;
				GCC_NO_COMMON_BLOCKS = YES;
				GCC_WARN_64_TO_32_BIT_CONVERSION = YES;
				GCC_WARN_ABOUT_RETURN_TYPE = YES_ERROR;
				GCC_WARN_UNDECLARED_SELECTOR = YES;
				GCC_WARN_UNINITIALIZED_AUTOS = YES_AGGRESSIVE;
				GCC_WARN_UNUSED_FUNCTION = YES;
				GCC_WARN_UNUSED_VARIABLE = YES;
				IPHONEOS_DEPLOYMENT_TARGET = 9.2;
				MTL_ENABLE_DEBUG_INFO = NO;
				SDKROOT = iphoneos;
				TARGETED_DEVICE_FAMILY = "1,2";
				VALIDATE_PRODUCT = YES;
			};
			name = Release;
		};
		58424D891C40367F00E652BD /* Debug */ = {
			isa = XCBuildConfiguration;
			baseConfigurationReference = 9C8A10BC36839E25A571E9F3 /* Pods-uc-access.debug.xcconfig */;
			buildSettings = {
				ASSETCATALOG_COMPILER_APPICON_NAME = AppIcon;
				INFOPLIST_FILE = "uc-access/Info.plist";
				IPHONEOS_DEPLOYMENT_TARGET = 8.0;
				LD_RUNPATH_SEARCH_PATHS = "$(inherited) @executable_path/Frameworks";
				PRODUCT_BUNDLE_IDENTIFIER = "com.lopezjuri.uc-access";
				PRODUCT_NAME = "$(TARGET_NAME)";
			};
			name = Debug;
		};
		58424D8A1C40367F00E652BD /* Release */ = {
			isa = XCBuildConfiguration;
			baseConfigurationReference = 05DC8D6CDE4A61BE50B2AD02 /* Pods-uc-access.release.xcconfig */;
			buildSettings = {
				ASSETCATALOG_COMPILER_APPICON_NAME = AppIcon;
				INFOPLIST_FILE = "uc-access/Info.plist";
				IPHONEOS_DEPLOYMENT_TARGET = 8.0;
				LD_RUNPATH_SEARCH_PATHS = "$(inherited) @executable_path/Frameworks";
				PRODUCT_BUNDLE_IDENTIFIER = "com.lopezjuri.uc-access";
				PRODUCT_NAME = "$(TARGET_NAME)";
			};
			name = Release;
		};
		58424D8C1C40367F00E652BD /* Debug */ = {
			isa = XCBuildConfiguration;
			baseConfigurationReference = 3BD8FD718D8674C3A5F456AF /* Pods-uc-accessTests.debug.xcconfig */;
			buildSettings = {
				BUNDLE_LOADER = "$(TEST_HOST)";
				HEADER_SEARCH_PATHS = "$(SDKROOT)/usr/include/libxml2";
				INFOPLIST_FILE = "uc-accessTests/Info.plist";
				LD_RUNPATH_SEARCH_PATHS = "$(inherited) @executable_path/Frameworks @loader_path/Frameworks";
				PRODUCT_BUNDLE_IDENTIFIER = "com.lopezjuri.uc-accessTests";
				PRODUCT_NAME = "$(TARGET_NAME)";
				TEST_HOST = "$(BUILT_PRODUCTS_DIR)/uc-access.app/uc-access";
			};
			name = Debug;
		};
		58424D8D1C40367F00E652BD /* Release */ = {
			isa = XCBuildConfiguration;
			baseConfigurationReference = 0C0754800C568696209209B0 /* Pods-uc-accessTests.release.xcconfig */;
			buildSettings = {
				BUNDLE_LOADER = "$(TEST_HOST)";
				HEADER_SEARCH_PATHS = "$(SDKROOT)/usr/include/libxml2";
				INFOPLIST_FILE = "uc-accessTests/Info.plist";
				LD_RUNPATH_SEARCH_PATHS = "$(inherited) @executable_path/Frameworks @loader_path/Frameworks";
				PRODUCT_BUNDLE_IDENTIFIER = "com.lopezjuri.uc-accessTests";
				PRODUCT_NAME = "$(TARGET_NAME)";
				TEST_HOST = "$(BUILT_PRODUCTS_DIR)/uc-access.app/uc-access";
			};
			name = Release;
		};
/* End XCBuildConfiguration section */

/* Begin XCConfigurationList section */
		58424D641C40367F00E652BD /* Build configuration list for PBXProject "uc-access" */ = {
			isa = XCConfigurationList;
			buildConfigurations = (
				58424D861C40367F00E652BD /* Debug */,
				58424D871C40367F00E652BD /* Release */,
			);
			defaultConfigurationIsVisible = 0;
			defaultConfigurationName = Release;
		};
		58424D881C40367F00E652BD /* Build configuration list for PBXNativeTarget "uc-access" */ = {
			isa = XCConfigurationList;
			buildConfigurations = (
				58424D891C40367F00E652BD /* Debug */,
				58424D8A1C40367F00E652BD /* Release */,
			);
			defaultConfigurationIsVisible = 0;
			defaultConfigurationName = Release;
		};
		58424D8B1C40367F00E652BD /* Build configuration list for PBXNativeTarget "uc-accessTests" */ = {
			isa = XCConfigurationList;
			buildConfigurations = (
				58424D8C1C40367F00E652BD /* Debug */,
				58424D8D1C40367F00E652BD /* Release */,
			);
			defaultConfigurationIsVisible = 0;
			defaultConfigurationName = Release;
		};
/* End XCConfigurationList section */
	};
	rootObject = 58424D611C40367F00E652BD /* Project object */;
}
